{
    "_readme": [
        "This file locks the dependencies of your project to a known state",
        "Read more about it at https://getcomposer.org/doc/01-basic-usage.md#installing-dependencies",
        "This file is @generated automatically"
    ],
    "content-hash": "4418aa70951ebd6d75f1be0989c85e73",
    "packages": [
        {
            "name": "psr/cache",
            "version": "2.0.0",
            "source": {
                "type": "git",
                "url": "https://github.com/php-fig/cache.git",
                "reference": "213f9dbc5b9bfbc4f8db86d2838dc968752ce13b"
            },
            "dist": {
                "type": "zip",
                "url": "https://api.github.com/repos/php-fig/cache/zipball/213f9dbc5b9bfbc4f8db86d2838dc968752ce13b",
                "reference": "213f9dbc5b9bfbc4f8db86d2838dc968752ce13b",
                "shasum": ""
            },
            "require": {
                "php": ">=8.0.0"
            },
            "type": "library",
            "extra": {
                "branch-alias": {
                    "dev-master": "1.0.x-dev"
                }
            },
            "autoload": {
                "psr-4": {
                    "Psr\\Cache\\": "src/"
                }
            },
            "notification-url": "https://packagist.org/downloads/",
            "license": [
                "MIT"
            ],
            "authors": [
                {
                    "name": "PHP-FIG",
                    "homepage": "https://www.php-fig.org/"
                }
            ],
            "description": "Common interface for caching libraries",
            "keywords": [
                "cache",
                "psr",
                "psr-6"
            ],
            "support": {
                "source": "https://github.com/php-fig/cache/tree/2.0.0"
            },
            "time": "2021-02-03T23:23:37+00:00"
        },
        {
            "name": "rybakit/msgpack",
            "version": "v0.9.1",
            "source": {
                "type": "git",
                "url": "https://github.com/rybakit/msgpack.php.git",
                "reference": "fc6bc45e92274e78c32d0a86f2e2cc1f8b5e017b"
            },
            "dist": {
                "type": "zip",
                "url": "https://api.github.com/repos/rybakit/msgpack.php/zipball/fc6bc45e92274e78c32d0a86f2e2cc1f8b5e017b",
                "reference": "fc6bc45e92274e78c32d0a86f2e2cc1f8b5e017b",
                "shasum": ""
            },
            "require": {
                "php": "^7.1.1|^8"
            },
            "require-dev": {
                "ext-gmp": "*",
                "friendsofphp/php-cs-fixer": "^2.14",
                "phpunit/phpunit": "^7.1|^8|^9",
                "vimeo/psalm": "^3.9|^4"
            },
            "suggest": {
                "ext-decimal": "For converting overflowed integers to Decimal objects",
                "ext-gmp": "For converting overflowed integers to GMP objects"
            },
            "type": "library",
            "autoload": {
                "psr-4": {
                    "MessagePack\\": "src/"
                }
            },
            "notification-url": "https://packagist.org/downloads/",
            "license": [
                "MIT"
            ],
            "authors": [
                {
                    "name": "Eugene Leonovich",
                    "email": "gen.work@gmail.com"
                }
            ],
            "description": "A pure PHP implementation of the MessagePack serialization format.",
            "keywords": [
                "messagepack",
                "msgpack",
                "pure",
                "streaming"
            ],
            "support": {
                "issues": "https://github.com/rybakit/msgpack.php/issues",
                "source": "https://github.com/rybakit/msgpack.php/tree/v0.9.1"
            },
            "funding": [
                {
                    "url": "https://github.com/rybakit",
                    "type": "github"
                }
            ],
            "time": "2022-02-16T00:48:07+00:00"
        },
        {
            "name": "symfony/polyfill-uuid",
            "version": "v1.30.0",
            "source": {
                "type": "git",
                "url": "https://github.com/symfony/polyfill-uuid.git",
                "reference": "2ba1f33797470debcda07fe9dce20a0003df18e9"
            },
            "dist": {
                "type": "zip",
                "url": "https://api.github.com/repos/symfony/polyfill-uuid/zipball/2ba1f33797470debcda07fe9dce20a0003df18e9",
                "reference": "2ba1f33797470debcda07fe9dce20a0003df18e9",
                "shasum": ""
            },
            "require": {
                "php": ">=7.1"
            },
            "provide": {
                "ext-uuid": "*"
            },
            "suggest": {
                "ext-uuid": "For best performance"
            },
            "type": "library",
            "extra": {
                "thanks": {
                    "name": "symfony/polyfill",
                    "url": "https://github.com/symfony/polyfill"
                }
            },
            "autoload": {
                "files": [
                    "bootstrap.php"
                ],
                "psr-4": {
                    "Symfony\\Polyfill\\Uuid\\": ""
                }
            },
            "notification-url": "https://packagist.org/downloads/",
            "license": [
                "MIT"
            ],
            "authors": [
                {
                    "name": "Grégoire Pineau",
                    "email": "lyrixx@lyrixx.info"
                },
                {
                    "name": "Symfony Community",
                    "homepage": "https://symfony.com/contributors"
                }
            ],
            "description": "Symfony polyfill for uuid functions",
            "homepage": "https://symfony.com",
            "keywords": [
                "compatibility",
                "polyfill",
                "portable",
                "uuid"
            ],
            "support": {
                "source": "https://github.com/symfony/polyfill-uuid/tree/v1.30.0"
            },
            "funding": [
                {
                    "url": "https://symfony.com/sponsor",
                    "type": "custom"
                },
                {
                    "url": "https://github.com/fabpot",
                    "type": "github"
                },
                {
                    "url": "https://tidelift.com/funding/github/packagist/symfony/symfony",
                    "type": "tidelift"
                }
            ],
            "time": "2024-05-31T15:07:36+00:00"
        },
        {
            "name": "symfony/uid",
            "version": "v6.4.8",
            "source": {
                "type": "git",
                "url": "https://github.com/symfony/uid.git",
                "reference": "35904eca37a84bb764c560cbfcac9f0ac2bcdbdf"
            },
            "dist": {
                "type": "zip",
                "url": "https://api.github.com/repos/symfony/uid/zipball/35904eca37a84bb764c560cbfcac9f0ac2bcdbdf",
                "reference": "35904eca37a84bb764c560cbfcac9f0ac2bcdbdf",
                "shasum": ""
            },
            "require": {
                "php": ">=8.1",
                "symfony/polyfill-uuid": "^1.15"
            },
            "require-dev": {
                "symfony/console": "^5.4|^6.0|^7.0"
            },
            "type": "library",
            "autoload": {
                "psr-4": {
                    "Symfony\\Component\\Uid\\": ""
                },
                "exclude-from-classmap": [
                    "/Tests/"
                ]
            },
            "notification-url": "https://packagist.org/downloads/",
            "license": [
                "MIT"
            ],
            "authors": [
                {
                    "name": "Grégoire Pineau",
                    "email": "lyrixx@lyrixx.info"
                },
                {
                    "name": "Nicolas Grekas",
                    "email": "p@tchwork.com"
                },
                {
                    "name": "Symfony Community",
                    "homepage": "https://symfony.com/contributors"
                }
            ],
            "description": "Provides an object-oriented API to generate and represent UIDs",
            "homepage": "https://symfony.com",
            "keywords": [
                "UID",
                "ulid",
                "uuid"
            ],
            "support": {
                "source": "https://github.com/symfony/uid/tree/v6.4.8"
            },
            "funding": [
                {
                    "url": "https://symfony.com/sponsor",
                    "type": "custom"
                },
                {
                    "url": "https://github.com/fabpot",
                    "type": "github"
                },
                {
                    "url": "https://tidelift.com/funding/github/packagist/symfony/symfony",
                    "type": "tidelift"
                }
            ],
            "time": "2024-05-31T14:49:08+00:00"
        },
        {
            "name": "tarantool/client",
            "version": "v0.10.1",
            "source": {
                "type": "git",
                "url": "https://github.com/tarantool-php/client.git",
                "reference": "9b0225119deebb263dd8dcaa11b89dfdd109cd73"
            },
            "dist": {
                "type": "zip",
                "url": "https://api.github.com/repos/tarantool-php/client/zipball/9b0225119deebb263dd8dcaa11b89dfdd109cd73",
                "reference": "9b0225119deebb263dd8dcaa11b89dfdd109cd73",
                "shasum": ""
            },
            "require": {
                "php": "^7.2.5|^8",
                "rybakit/msgpack": "^0.9",
                "symfony/uid": "^5.1|^6|^7"
            },
            "require-dev": {
                "ext-json": "*",
                "ext-sockets": "*",
                "friendsofphp/php-cs-fixer": "^2.19",
                "monolog/monolog": "^1.24|^2.0",
                "psr/log": "^1.1",
                "tarantool/phpunit-extras": "^0.2.0",
                "vimeo/psalm": "^3.9|^4"
            },
            "suggest": {
                "ext-decimal": "For using decimals with Tarantool 2.3+",
                "ext-uuid": "For better performance when using UUIDs with Tarantool 2.4+",
                "psr/log": "For using LoggingMiddleware"
            },
            "type": "library",
            "extra": {
                "branch-alias": {
                    "dev-master": "0.10.x-dev"
                }
            },
            "autoload": {
                "psr-4": {
                    "Tarantool\\Client\\": "src/"
                }
            },
            "notification-url": "https://packagist.org/downloads/",
            "license": [
                "MIT"
            ],
            "authors": [
                {
                    "name": "Eugene Leonovich",
                    "email": "gen.work@gmail.com"
                }
            ],
            "description": "PHP client for Tarantool.",
            "keywords": [
                "client",
                "nosql",
                "pure",
                "tarantool"
            ],
            "support": {
                "issues": "https://github.com/tarantool-php/client/issues",
                "source": "https://github.com/tarantool-php/client/tree/v0.10.1"
            },
            "funding": [
                {
                    "url": "https://github.com/rybakit",
                    "type": "github"
                }
            ],
            "time": "2024-06-20T22:53:05+00:00"
        },
        {
            "name": "tarantool/mapper",
            "version": "6.2.2",
            "source": {
                "type": "git",
                "url": "https://github.com/tarantool-php/mapper.git",
                "reference": "b32e9531d508a7d9d679a1915341c24f202674dc"
            },
            "dist": {
                "type": "zip",
                "url": "https://api.github.com/repos/tarantool-php/mapper/zipball/b32e9531d508a7d9d679a1915341c24f202674dc",
                "reference": "b32e9531d508a7d9d679a1915341c24f202674dc",
                "shasum": ""
            },
            "require": {
                "php": ">=8.0",
                "psr/cache": "^2.0",
                "tarantool/client": ">=0.10.0"
            },
            "require-dev": {
                "monolog/monolog": "^2.9.3",
                "phpunit/phpunit": "^9.5",
                "symfony/cache": "^5.4.38"
            },
            "type": "library",
            "autoload": {
                "psr-4": {
                    "Tarantool\\Mapper\\": "src/",
                    "Tarantool\\Mapper\\Tests\\": "tests/"
                }
            },
            "notification-url": "https://packagist.org/downloads/",
            "license": [
                "MIT"
            ],
            "authors": [
                {
                    "name": "Dmitry Krokhin",
                    "email": "nekufa@gmail.com"
                }
            ],
            "description": "PHP Object Mapper for Tarantool.",
            "keywords": [
                "client",
                "mapper",
                "nosql",
                "pure",
                "tarantool"
            ],
            "support": {
                "issues": "https://github.com/tarantool-php/mapper/issues",
                "source": "https://github.com/tarantool-php/mapper/tree/6.2.2"
            },
            "time": "2024-07-10T15:25:25+00:00"
        }
    ],
    "packages-dev": [],
    "aliases": [],
    "minimum-stability": "stable",
    "stability-flags": [],
    "prefer-stable": false,
    "prefer-lowest": false,
    "platform": {
        "php": "^8"
    },
    "platform-dev": [],
    "plugin-api-version": "2.3.0"
}
